// !$*UTF8*$!
{
	archiveVersion = 1;
	classes = {
	};
	objectVersion = 55;
	objects = {

/* Begin PBXBuildFile section */
		9F42CE3C2834DA47001A2298 /* BackNavView.swift in Sources */ = {isa = PBXBuildFile; fileRef = 9F42CE3B2834DA47001A2298 /* BackNavView.swift */; };
		9FBBB144283254AE001EF65A /* StateSampleView.swift in Sources */ = {isa = PBXBuildFile; fileRef = 9FBBB143283254AE001EF65A /* StateSampleView.swift */; };
		9FBBB146283254FB001EF65A /* BindingSampleView.swift in Sources */ = {isa = PBXBuildFile; fileRef = 9FBBB145283254FB001EF65A /* BindingSampleView.swift */; };
		9FBBB14828325581001EF65A /* ObservedObjectSampleView.swift in Sources */ = {isa = PBXBuildFile; fileRef = 9FBBB14728325581001EF65A /* ObservedObjectSampleView.swift */; };
		9FBBB14A283255E8001EF65A /* ViewModel.swift in Sources */ = {isa = PBXBuildFile; fileRef = 9FBBB149283255E8001EF65A /* ViewModel.swift */; };
		9FBBB14C2832569E001EF65A /* ContentView.swift in Sources */ = {isa = PBXBuildFile; fileRef = 9FBBB14B2832569E001EF65A /* ContentView.swift */; };
		9FE03AF727D7022F00C4F0AC /* SwiftUICounterApp.swift in Sources */ = {isa = PBXBuildFile; fileRef = 9FE03AF627D7022F00C4F0AC /* SwiftUICounterApp.swift */; };
		9FE03AF927D7022F00C4F0AC /* EnvironmentObjectSampleView.swift in Sources */ = {isa = PBXBuildFile; fileRef = 9FE03AF827D7022F00C4F0AC /* EnvironmentObjectSampleView.swift */; };
		9FE03AFB27D7023000C4F0AC /* Assets.xcassets in Resources */ = {isa = PBXBuildFile; fileRef = 9FE03AFA27D7023000C4F0AC /* Assets.xcassets */; };
		9FE03AFE27D7023000C4F0AC /* Preview Assets.xcassets in Resources */ = {isa = PBXBuildFile; fileRef = 9FE03AFD27D7023000C4F0AC /* Preview Assets.xcassets */; };
/* End PBXBuildFile section */

/* Begin PBXFileReference section */
		9F42CE3B2834DA47001A2298 /* BackNavView.swift */ = {isa = PBXFileReference; lastKnownFileType = sourcecode.swift; path = BackNavView.swift; sourceTree = "<group>"; };
		9FBBB143283254AE001EF65A /* StateSampleView.swift */ = {isa = PBXFileReference; lastKnownFileType = sourcecode.swift; path = StateSampleView.swift; sourceTree = "<group>"; };
		9FBBB145283254FB001EF65A /* BindingSampleView.swift */ = {isa = PBXFileReference; lastKnownFileType = sourcecode.swift; path = BindingSampleView.swift; sourceTree = "<group>"; };
		9FBBB14728325581001EF65A /* ObservedObjectSampleView.swift */ = {isa = PBXFileReference; lastKnownFileType = sourcecode.swift; path = ObservedObjectSampleView.swift; sourceTree = "<group>"; };
		9FBBB149283255E8001EF65A /* ViewModel.swift */ = {isa = PBXFileReference; lastKnownFileType = sourcecode.swift; path = ViewModel.swift; sourceTree = "<group>"; };
		9FBBB14B2832569E001EF65A /* ContentView.swift */ = {isa = PBXFileReference; lastKnownFileType = sourcecode.swift; path = ContentView.swift; sourceTree = "<group>"; };
		9FE03AF327D7022F00C4F0AC /* SwiftUICounter.app */ = {isa = PBXFileReference; explicitFileType = wrapper.application; includeInIndex = 0; path = SwiftUICounter.app; sourceTree = BUILT_PRODUCTS_DIR; };
		9FE03AF627D7022F00C4F0AC /* SwiftUICounterApp.swift */ = {isa = PBXFileReference; lastKnownFileType = sourcecode.swift; path = SwiftUICounterApp.swift; sourceTree = "<group>"; };
		9FE03AF827D7022F00C4F0AC /* EnvironmentObjectSampleView.swift */ = {isa = PBXFileReference; lastKnownFileType = sourcecode.swift; path = EnvironmentObjectSampleView.swift; sourceTree = "<group>"; };
		9FE03AFA27D7023000C4F0AC /* Assets.xcassets */ = {isa = PBXFileReference; lastKnownFileType = folder.assetcatalog; path = Assets.xcassets; sourceTree = "<group>"; };
		9FE03AFD27D7023000C4F0AC /* Preview Assets.xcassets */ = {isa = PBXFileReference; lastKnownFileType = folder.assetcatalog; path = "Preview Assets.xcassets"; sourceTree = "<group>"; };
/* End PBXFileReference section */

/* Begin PBXFrameworksBuildPhase section */
		9FE03AF027D7022F00C4F0AC /* Frameworks */ = {
			isa = PBXFrameworksBuildPhase;
			buildActionMask = 2147483647;
			files = (
			);
			runOnlyForDeploymentPostprocessing = 0;
		};
/* End PBXFrameworksBuildPhase section */

/* Begin PBXGroup section */
		9F42CE3D2834DE95001A2298 /* UIComponent */ = {
			isa = PBXGroup;
			children = (
				9F42CE3B2834DA47001A2298 /* BackNavView.swift */,
			);
			path = UIComponent;
			sourceTree = "<group>";
		};
		9FE03AEA27D7022F00C4F0AC = {
			isa = PBXGroup;
			children = (
				9FE03AF527D7022F00C4F0AC /* SwiftUICounter */,
				9FE03AF427D7022F00C4F0AC /* Products */,
			);
			sourceTree = "<group>";
		};
		9FE03AF427D7022F00C4F0AC /* Products */ = {
			isa = PBXGroup;
			children = (
				9FE03AF327D7022F00C4F0AC /* SwiftUICounter.app */,
			);
			name = Products;
			sourceTree = "<group>";
		};
		9FE03AF527D7022F00C4F0AC /* SwiftUICounter */ = {
			isa = PBXGroup;
			children = (
				9F42CE3D2834DE95001A2298 /* UIComponent */,
				9FE03AF627D7022F00C4F0AC /* SwiftUICounterApp.swift */,
				9FBBB143283254AE001EF65A /* StateSampleView.swift */,
				9FBBB145283254FB001EF65A /* BindingSampleView.swift */,
				9FBBB14728325581001EF65A /* ObservedObjectSampleView.swift */,
				9FE03AF827D7022F00C4F0AC /* EnvironmentObjectSampleView.swift */,
				9FBBB14B2832569E001EF65A /* ContentView.swift */,
				9FBBB149283255E8001EF65A /* ViewModel.swift */,
				9FE03AFA27D7023000C4F0AC /* Assets.xcassets */,
				9FE03AFC27D7023000C4F0AC /* Preview Content */,
			);
			path = SwiftUICounter;
			sourceTree = "<group>";
		};
		9FE03AFC27D7023000C4F0AC /* Preview Content */ = {
			isa = PBXGroup;
			children = (
				9FE03AFD27D7023000C4F0AC /* Preview Assets.xcassets */,
			);
			path = "Preview Content";
			sourceTree = "<group>";
		};
/* End PBXGroup section */

/* Begin PBXNativeTarget section */
		9FE03AF227D7022F00C4F0AC /* SwiftUICounter */ = {
			isa = PBXNativeTarget;
			buildConfigurationList = 9FE03B0127D7023000C4F0AC /* Build configuration list for PBXNativeTarget "SwiftUICounter" */;
			buildPhases = (
				9FE03AEF27D7022F00C4F0AC /* Sources */,
				9FE03AF027D7022F00C4F0AC /* Frameworks */,
				9FE03AF127D7022F00C4F0AC /* Resources */,
			);
			buildRules = (
			);
			dependencies = (
			);
			name = SwiftUICounter;
			productName = SwiftUICounter;
			productReference = 9FE03AF327D7022F00C4F0AC /* SwiftUICounter.app */;
			productType = "com.apple.product-type.application";
		};
/* End PBXNativeTarget section */

/* Begin PBXProject section */
		9FE03AEB27D7022F00C4F0AC /* Project object */ = {
			isa = PBXProject;
			attributes = {
				BuildIndependentTargetsInParallel = 1;
				LastSwiftUpdateCheck = 1320;
				LastUpgradeCheck = 1320;
				TargetAttributes = {
					9FE03AF227D7022F00C4F0AC = {
						CreatedOnToolsVersion = 13.2.1;
					};
				};
			};
			buildConfigurationList = 9FE03AEE27D7022F00C4F0AC /* Build configuration list for PBXProject "SwiftUICounter" */;
			compatibilityVersion = "Xcode 13.0";
			developmentRegion = en;
			hasScannedForEncodings = 0;
			knownRegions = (
				en,
				Base,
			);
			mainGroup = 9FE03AEA27D7022F00C4F0AC;
			productRefGroup = 9FE03AF427D7022F00C4F0AC /* Products */;
			projectDirPath = "";
			projectRoot = "";
			targets = (
				9FE03AF227D7022F00C4F0AC /* SwiftUICounter */,
			);
		};
/* End PBXProject section */

/* Begin PBXResourcesBuildPhase section */
		9FE03AF127D7022F00C4F0AC /* Resources */ = {
			isa = PBXResourcesBuildPhase;
			buildActionMask = 2147483647;
			files = (
				9FE03AFE27D7023000C4F0AC /* Preview Assets.xcassets in Resources */,
				9FE03AFB27D7023000C4F0AC /* Assets.xcassets in Resources */,
			);
			runOnlyForDeploymentPostprocessing = 0;
		};
/* End PBXResourcesBuildPhase section */

/* Begin PBXSourcesBuildPhase section */
		9FE03AEF27D7022F00C4F0AC /* Sources */ = {
			isa = PBXSourcesBuildPhase;
			buildActionMask = 2147483647;
			files = (
				9FBBB144283254AE001EF65A /* StateSampleView.swift in Sources */,
				9FBBB14828325581001EF65A /* ObservedObjectSampleView.swift in Sources */,
				9FBBB14C2832569E001EF65A /* ContentView.swift in Sources */,
				9FE03AF927D7022F00C4F0AC /* EnvironmentObjectSampleView.swift in Sources */,
				9FBBB146283254FB001EF65A /* BindingSampleView.swift in Sources */,
				9F42CE3C2834DA47001A2298 /* BackNavView.swift in Sources */,
				9FBBB14A283255E8001EF65A /* ViewModel.swift in Sources */,
				9FE03AF727D7022F00C4F0AC /* SwiftUICounterApp.swift in Sources */,
			);
			runOnlyForDeploymentPostprocessing = 0;
		};
/* End PBXSourcesBuildPhase section */

/* Begin XCBuildConfiguration section */
		9FE03AFF27D7023000C4F0AC /* Debug */ = {
			isa = XCBuildConfiguration;
			buildSettings = {
				ALWAYS_SEARCH_USER_PATHS = NO;
				CLANG_ANALYZER_NONNULL = YES;
				CLANG_ANALYZER_NUMBER_OBJECT_CONVERSION = YES_AGGRESSIVE;
				CLANG_CXX_LANGUAGE_STANDARD = "gnu++17";
				CLANG_CXX_LIBRARY = "libc++";
				CLANG_ENABLE_MODULES = YES;
				CLANG_ENABLE_OBJC_ARC = YES;
				CLANG_ENABLE_OBJC_WEAK = YES;
				CLANG_WARN_BLOCK_CAPTURE_AUTORELEASING = YES;
				CLANG_WARN_BOOL_CONVERSION = YES;
				CLANG_WARN_COMMA = YES;
				CLANG_WARN_CONSTANT_CONVERSION = YES;
				CLANG_WARN_DEPRECATED_OBJC_IMPLEMENTATIONS = YES;
				CLANG_WARN_DIRECT_OBJC_ISA_USAGE = YES_ERROR;
				CLANG_WARN_DOCUMENTATION_COMMENTS = YES;
				CLANG_WARN_EMPTY_BODY = YES;
				CLANG_WARN_ENUM_CONVERSION = YES;
				CLANG_WARN_INFINITE_RECURSION = YES;
				CLANG_WARN_INT_CONVERSION = YES;
				CLANG_WARN_NON_LITERAL_NULL_CONVERSION = YES;
				CLANG_WARN_OBJC_IMPLICIT_RETAIN_SELF = YES;
				CLANG_WARN_OBJC_LITERAL_CONVERSION = YES;
				CLANG_WARN_OBJC_ROOT_CLASS = YES_ERROR;
				CLANG_WARN_QUOTED_INCLUDE_IN_FRAMEWORK_HEADER = YES;
				CLANG_WARN_RANGE_LOOP_ANALYSIS = YES;
				CLANG_WARN_STRICT_PROTOTYPES = YES;
				CLANG_WARN_SUSPICIOUS_MOVE = YES;
				CLANG_WARN_UNGUARDED_AVAILABILITY = YES_AGGRESSIVE;
				CLANG_WARN_UNREACHABLE_CODE = YES;
				CLANG_WARN__DUPLICATE_METHOD_MATCH = YES;
				COPY_PHASE_STRIP = NO;
				DEBUG_INFORMATION_FORMAT = dwarf;
				ENABLE_STRICT_OBJC_MSGSEND = YES;
				ENABLE_TESTABILITY = YES;
				GCC_C_LANGUAGE_STANDARD = gnu11;
				GCC_DYNAMIC_NO_PIC = NO;
				GCC_NO_COMMON_BLOCKS = YES;
				GCC_OPTIMIZATION_LEVEL = 0;
				GCC_PREPROCESSOR_DEFINITIONS = (
					"DEBUG=1",
					"$(inherited)",
				);
				GCC_WARN_64_TO_32_BIT_CONVERSION = YES;
				GCC_WARN_ABOUT_RETURN_TYPE = YES_ERROR;
				GCC_WARN_UNDECLARED_SELECTOR = YES;
				GCC_WARN_UNINITIALIZED_AUTOS = YES_AGGRESSIVE;
				GCC_WARN_UNUSED_FUNCTION = YES;
				GCC_WARN_UNUSED_VARIABLE = YES;
				IPHONEOS_DEPLOYMENT_TARGET = 15.2;
				MTL_ENABLE_DEBUG_INFO = INCLUDE_SOURCE;
				MTL_FAST_MATH = YES;
				ONLY_ACTIVE_ARCH = YES;
				SDKROOT = iphoneos;
				SWIFT_ACTIVE_COMPILATION_CONDITIONS = DEBUG;
				SWIFT_OPTIMIZATION_LEVEL = "-Onone";
			};
			name = Debug;
		};
		9FE03B0027D7023000C4F0AC /* Release */ = {
			isa = XCBuildConfiguration;
			buildSettings = {
				ALWAYS_SEARCH_USER_PATHS = NO;
				CLANG_ANALYZER_NONNULL = YES;
				CLANG_ANALYZER_NUMBER_OBJECT_CONVERSION = YES_AGGRESSIVE;
				CLANG_CXX_LANGUAGE_STANDARD = "gnu++17";
				CLANG_CXX_LIBRARY = "libc++";
				CLANG_ENABLE_MODULES = YES;
				CLANG_ENABLE_OBJC_ARC = YES;
				CLANG_ENABLE_OBJC_WEAK = YES;
				CLANG_WARN_BLOCK_CAPTURE_AUTORELEASING = YES;
				CLANG_WARN_BOOL_CONVERSION = YES;
				CLANG_WARN_COMMA = YES;
				CLANG_WARN_CONSTANT_CONVERSION = YES;
				CLANG_WARN_DEPRECATED_OBJC_IMPLEMENTATIONS = YES;
				CLANG_WARN_DIRECT_OBJC_ISA_USAGE = YES_ERROR;
				CLANG_WARN_DOCUMENTATION_COMMENTS = YES;
				CLANG_WARN_EMPTY_BODY = YES;
				CLANG_WARN_ENUM_CONVERSION = YES;
				CLANG_WARN_INFINITE_RECURSION = YES;
				CLANG_WARN_INT_CONVERSION = YES;
				CLANG_WARN_NON_LITERAL_NULL_CONVERSION = YES;
				CLANG_WARN_OBJC_IMPLICIT_RETAIN_SELF = YES;
				CLANG_WARN_OBJC_LITERAL_CONVERSION = YES;
				CLANG_WARN_OBJC_ROOT_CLASS = YES_ERROR;
				CLANG_WARN_QUOTED_INCLUDE_IN_FRAMEWORK_HEADER = YES;
				CLANG_WARN_RANGE_LOOP_ANALYSIS = YES;
				CLANG_WARN_STRICT_PROTOTYPES = YES;
				CLANG_WARN_SUSPICIOUS_MOVE = YES;
				CLANG_WARN_UNGUARDED_AVAILABILITY = YES_AGGRESSIVE;
				CLANG_WARN_UNREACHABLE_CODE = YES;
				CLANG_WARN__DUPLICATE_METHOD_MATCH = YES;
				COPY_PHASE_STRIP = NO;
				DEBUG_INFORMATION_FORMAT = "dwarf-with-dsym";
				ENABLE_NS_ASSERTIONS = NO;
				ENABLE_STRICT_OBJC_MSGSEND = YES;
				GCC_C_LANGUAGE_STANDARD = gnu11;
				GCC_NO_COMMON_BLOCKS = YES;
				GCC_WARN_64_TO_32_BIT_CONVERSION = YES;
				GCC_WARN_ABOUT_RETURN_TYPE = YES_ERROR;
				GCC_WARN_UNDECLARED_SELECTOR = YES;
				GCC_WARN_UNINITIALIZED_AUTOS = YES_AGGRESSIVE;
				GCC_WARN_UNUSED_FUNCTION = YES;
				GCC_WARN_UNUSED_VARIABLE = YES;
				IPHONEOS_DEPLOYMENT_TARGET = 15.2;
				MTL_ENABLE_DEBUG_INFO = NO;
				MTL_FAST_MATH = YES;
				SDKROOT = iphoneos;
				SWIFT_COMPILATION_MODE = wholemodule;
				SWIFT_OPTIMIZATION_LEVEL = "-O";
				VALIDATE_PRODUCT = YES;
			};
			name = Release;
		};
		9FE03B0227D7023000C4F0AC /* Debug */ = {
			isa = XCBuildConfiguration;
			buildSettings = {
				ASSETCATALOG_COMPILER_APPICON_NAME = AppIcon;
				ASSETCATALOG_COMPILER_GLOBAL_ACCENT_COLOR_NAME = AccentColor;
				CODE_SIGN_STYLE = Automatic;
				CURRENT_PROJECT_VERSION = 1;
				DEVELOPMENT_ASSET_PATHS = "\"SwiftUICounter/Preview Content\"";
				DEVELOPMENT_TEAM = 644BL4Y5H7;
				ENABLE_PREVIEWS = YES;
				GENERATE_INFOPLIST_FILE = YES;
				INFOPLIST_KEY_UIApplicationSceneManifest_Generation = YES;
				INFOPLIST_KEY_UIApplicationSupportsIndirectInputEvents = YES;
				INFOPLIST_KEY_UILaunchScreen_Generation = YES;
				INFOPLIST_KEY_UISupportedInterfaceOrientations_iPad = "UIInterfaceOrientationPortrait UIInterfaceOrientationPortraitUpsideDown UIInterfaceOrientationLandscapeLeft UIInterfaceOrientationLandscapeRight";
				INFOPLIST_KEY_UISupportedInterfaceOrientations_iPhone = "UIInterfaceOrientationPortrait UIInterfaceOrientationLandscapeLeft UIInterfaceOrientationLandscapeRight";
				LD_RUNPATH_SEARCH_PATHS = (
					"$(inherited)",
					"@executable_path/Frameworks",
				);
				MARKETING_VERSION = 1.0;
				PRODUCT_BUNDLE_IDENTIFIER = "com.Allen-Hsu.SwiftUICounter";
				PRODUCT_NAME = "$(TARGET_NAME)";
				SWIFT_EMIT_LOC_STRINGS = YES;
				SWIFT_VERSION = 5.0;
				TARGETED_DEVICE_FAMILY = "1,2";
			};
			name = Debug;
		};
		9FE03B0327D7023000C4F0AC /* Release */ = {
			isa = XCBuildConfiguration;
			buildSettings = {
				ASSETCATALOG_COMPILER_APPICON_NAME = AppIcon;
				ASSETCATALOG_COMPILER_GLOBAL_ACCENT_COLOR_NAME = AccentColor;
				CODE_SIGN_STYLE = Automatic;
				CURRENT_PROJECT_VERSION = 1;
				DEVELOPMENT_ASSET_PATHS = "\"SwiftUICounter/Preview Content\"";
				DEVELOPMENT_TEAM = 644BL4Y5H7;
				ENABLE_PREVIEWS = YES;
				GENERATE_INFOPLIST_FILE = YES;
				INFOPLIST_KEY_UIApplicationSceneManifest_Generation = YES;
				INFOPLIST_KEY_UIApplicationSupportsIndirectInputEvents = YES;
				INFOPLIST_KEY_UILaunchScreen_Generation = YES;
				INFOPLIST_KEY_UISupportedInterfaceOrientations_iPad = "UIInterfaceOrientationPortrait UIInterfaceOrientationPortraitUpsideDown UIInterfaceOrientationLandscapeLeft UIInterfaceOrientationLandscapeRight";
				INFOPLIST_KEY_UISupportedInterfaceOrientations_iPhone = "UIInterfaceOrientationPortrait UIInterfaceOrientationLandscapeLeft UIInterfaceOrientationLandscapeRight";
				LD_RUNPATH_SEARCH_PATHS = (
					"$(inherited)",
					"@executable_path/Frameworks",
				);
				MARKETING_VERSION = 1.0;
				PRODUCT_BUNDLE_IDENTIFIER = "com.Allen-Hsu.SwiftUICounter";
				PRODUCT_NAME = "$(TARGET_NAME)";
				SWIFT_EMIT_LOC_STRINGS = YES;
				SWIFT_VERSION = 5.0;
				TARGETED_DEVICE_FAMILY = "1,2";
			};
			name = Release;
		};
/* End XCBuildConfiguration section */

/* Begin XCConfigurationList section */
		9FE03AEE27D7022F00C4F0AC /* Build configuration list for PBXProject "SwiftUICounter" */ = {
			isa = XCConfigurationList;
			buildConfigurations = (
				9FE03AFF27D7023000C4F0AC /* Debug */,
				9FE03B0027D7023000C4F0AC /* Release */,
			);
			defaultConfigurationIsVisible = 0;
			defaultConfigurationName = Release;
		};
		9FE03B0127D7023000C4F0AC /* Build configuration list for PBXNativeTarget "SwiftUICounter" */ = {
			isa = XCConfigurationList;
			buildConfigurations = (
				9FE03B0227D7023000C4F0AC /* Debug */,
				9FE03B0327D7023000C4F0AC /* Release */,
			);
			defaultConfigurationIsVisible = 0;
			defaultConfigurationName = Release;
		};
/* End XCConfigurationList section */
	};
	rootObject = 9FE03AEB27D7022F00C4F0AC /* Project object */;
}
